
Microsoft Visual Studio Solution File, Format Version 12.00
# Visual Studio Version 17
VisualStudioVersion = 17.5.33502.453
MinimumVisualStudioVersion = 10.0.40219.1
Project("{9A19103F-16F7-4668-BE54-9A1E7A4F7556}") = "GALibrary", "AG\GALibrary.csproj", "{625EE4A9-CF99-40EC-9BC8-DE6CF8B1D17E}"
EndProject
Global
	GlobalSection(SolutionConfigurationPlatforms) = preSolution
		Debug|Any CPU = Debug|Any CPU
		Release|Any CPU = Release|Any CPU
	EndGlobalSection
	GlobalSection(ProjectConfigurationPlatforms) = postSolution
		{625EE4A9-CF99-40EC-9BC8-DE6CF8B1D17E}.Debug|Any CPU.ActiveCfg = Debug|Any CPU
		{625EE4A9-CF99-40EC-9BC8-DE6CF8B1D17E}.Debug|Any CPU.Build.0 = Debug|Any CPU
		{625EE4A9-CF99-40EC-9BC8-DE6CF8B1D17E}.Release|Any CPU.ActiveCfg = Release|Any CPU
		{625EE4A9-CF99-40EC-9BC8-DE6CF8B1D17E}.Release|Any CPU.Build.0 = Release|Any CPU
	EndGlobalSection
	GlobalSection(SolutionProperties) = preSolution
		HideSolutionNode = FALSE
	EndGlobalSection
	GlobalSection(ExtensibilityGlobals) = postSolution
		SolutionGuid = {CF0FCF68-1994-48E3-828D-1B11EE74EBC1}
	EndGlobalSection
EndGlobal
